{
  "version": 4,
  "terraform_version": "1.4.5",
  "serial": 49,
  "lineage": "b1646300-66e0-6d3e-7bf5-2ef9f011da99",
  "outputs": {
    "external_ip_address_node01": {
      "value": "51.250.87.115",
      "type": "string"
    },
    "external_ip_address_node02": {
      "value": "51.250.10.218",
      "type": "string"
    },
    "external_ip_address_node03": {
      "value": "51.250.6.175",
      "type": "string"
    },
    "external_ip_address_node04": {
      "value": "51.250.67.26",
      "type": "string"
    },
    "external_ip_address_node05": {
      "value": "51.250.64.23",
      "type": "string"
    },
    "external_ip_address_node06": {
      "value": "51.250.85.233",
      "type": "string"
    },
    "internal_ip_address_node01": {
      "value": "192.168.101.11",
      "type": "string"
    },
    "internal_ip_address_node02": {
      "value": "192.168.101.12",
      "type": "string"
    },
    "internal_ip_address_node03": {
      "value": "192.168.101.13",
      "type": "string"
    },
    "internal_ip_address_node04": {
      "value": "192.168.101.14",
      "type": "string"
    },
    "internal_ip_address_node05": {
      "value": "192.168.101.15",
      "type": "string"
    },
    "internal_ip_address_node06": {
      "value": "192.168.101.16",
      "type": "string"
    }
  },
  "resources": [
    {
      "mode": "managed",
      "type": "local_file",
      "name": "inventory",
      "provider": "provider[\"registry.terraform.io/hashicorp/local\"]",
      "instances": [
        {
          "schema_version": 0,
          "attributes": {
            "content": "# Ansible inventory containing variable values from Terraform.\r\n# Generated by Terraform.\r\n\r\n[nodes:children]\r\nmanagers\r\nworkers\r\n\r\n[managers:children]\r\nactive\r\nstandby\r\n\r\n[active]\r\nnode01.netology.yc ansible_host=51.250.87.115\r\n\r\n[standby]\r\nnode02.netology.yc ansible_host=51.250.10.218\r\nnode03.netology.yc ansible_host=51.250.6.175\r\n\r\n[workers]\r\nnode04.netology.yc ansible_host=51.250.67.26\r\nnode05.netology.yc ansible_host=51.250.64.23\r\nnode06.netology.yc ansible_host=51.250.85.233\r\n",
            "content_base64": null,
            "content_base64sha256": "FtaPrvoRZB2VjzfKKbRFk8XTEX2RT+wqCp7KKbk+6CQ=",
            "content_base64sha512": "QbQMm93/9JJQiNSC5sejMOygrXbZR+QEdtXtQ/sYelfEKFdR/ZfG0OM9Zd6Kok0w4Ha62fwpnQzyIygqP4bUUg==",
            "content_md5": "423ce1b5b47a778cc788a4afe1a9e245",
            "content_sha1": "dd402c538c5d6fdc087718dbac9afd575a01dc25",
            "content_sha256": "16d68faefa11641d958f37ca29b44593c5d3117d914fec2a0a9eca29b93ee824",
            "content_sha512": "41b40c9bddfff4925088d482e6c7a330eca0ad76d947e40476d5ed43fb187a57c4285751fd97c6d0e33d65de8aa24d30e076bad9fc299d0cf223282a3f86d452",
            "directory_permission": "0777",
            "file_permission": "0777",
            "filename": "../ansible/inventory",
            "id": "dd402c538c5d6fdc087718dbac9afd575a01dc25",
            "sensitive_content": null,
            "source": null
          },
          "sensitive_attributes": [],
          "dependencies": [
            "yandex_compute_instance.node01",
            "yandex_compute_instance.node02",
            "yandex_compute_instance.node03",
            "yandex_compute_instance.node04",
            "yandex_compute_instance.node05",
            "yandex_compute_instance.node06",
            "yandex_vpc_subnet.default"
          ]
        }
      ]
    },
    {
      "mode": "managed",
      "type": "null_resource",
      "name": "cluster",
      "provider": "provider[\"registry.terraform.io/hashicorp/null\"]",
      "instances": [
        {
          "schema_version": 0,
          "attributes": {
            "id": "5247940929213417671",
            "triggers": null
          },
          "sensitive_attributes": [],
          "dependencies": [
            "null_resource.wait"
          ]
        }
      ]
    },
    {
      "mode": "managed",
      "type": "null_resource",
      "name": "monitoring",
      "provider": "provider[\"registry.terraform.io/hashicorp/null\"]",
      "instances": [
        {
          "status": "tainted",
          "schema_version": 0,
          "attributes": {
            "id": "4657126738847643532",
            "triggers": null
          },
          "sensitive_attributes": [],
          "dependencies": [
            "null_resource.cluster",
            "null_resource.sync",
            "null_resource.wait"
          ]
        }
      ]
    },
    {
      "mode": "managed",
      "type": "null_resource",
      "name": "sync",
      "provider": "provider[\"registry.terraform.io/hashicorp/null\"]",
      "instances": [
        {
          "schema_version": 0,
          "attributes": {
            "id": "5621071126692554616",
            "triggers": null
          },
          "sensitive_attributes": [],
          "dependencies": [
            "null_resource.cluster",
            "null_resource.wait"
          ]
        }
      ]
    },
    {
      "mode": "managed",
      "type": "null_resource",
      "name": "wait",
      "provider": "provider[\"registry.terraform.io/hashicorp/null\"]",
      "instances": [
        {
          "schema_version": 0,
          "attributes": {
            "id": "1898211365652207168",
            "triggers": null
          },
          "sensitive_attributes": [],
          "dependencies": [
            "local_file.inventory",
            "yandex_compute_instance.node01",
            "yandex_compute_instance.node02",
            "yandex_compute_instance.node03",
            "yandex_compute_instance.node04",
            "yandex_compute_instance.node05",
            "yandex_compute_instance.node06",
            "yandex_vpc_network.default",
            "yandex_vpc_subnet.default"
          ]
        }
      ]
    },
    {
      "mode": "managed",
      "type": "yandex_compute_instance",
      "name": "node01",
      "provider": "provider[\"registry.terraform.io/yandex-cloud/yandex\"]",
      "instances": [
        {
          "schema_version": 1,
          "attributes": {
            "allow_recreate": null,
            "allow_stopping_for_update": true,
            "boot_disk": [
              {
                "auto_delete": true,
                "device_name": "fhmqobqsq7p15v306bji",
                "disk_id": "fhmqobqsq7p15v306bji",
                "initialize_params": [
                  {
                    "block_size": 4096,
                    "description": "",
                    "image_id": "fd8vhq4r8dro4pcqmpir",
                    "name": "root-node01",
                    "size": 10,
                    "snapshot_id": "",
                    "type": "network-ssd"
                  }
                ],
                "mode": "READ_WRITE"
              }
            ],
            "created_at": "2023-04-13T19:47:18Z",
            "description": "",
            "filesystem": [],
            "folder_id": "b1grdvp13hcnks1eruea",
            "fqdn": "node01.netology.yc",
            "gpu_cluster_id": "",
            "hostname": "node01.netology.yc",
            "id": "fhmt4fgh67l1rs59p48q",
            "labels": null,
            "local_disk": [],
            "metadata": {
              "ssh-keys": "root:ssh-rsa AAAAB3NzaC1yc2EAAAADAQABAAABgQDP0SP4ZKQRnIprlmAopOXCRk49H8fYT4KKuHlADSkreev+TPnt+3UrvlfQfrZbCQFB4FpgfNYfgDIRsdqKiPmgrYq6FVkHFabZ17dseXQP/lcSmsqueJbSiAmPQEBN5m+7z6WZRaDVwAG1wYiy+r31EzO1cyd/ttrykAaKXyEseBesmOgQyUwKUOJ6wUK9kezvbIJnqRfDZmjG+HYMWB4jI477cY/LILB72tHvfQjT9TMzVcbgJuSckPe+BPuM6dxdzcQDqSzBebMTsvv7wYouOgNlMioRYi9kbawmZzZAhevXCZFSo2xXtUVWiYONG1gWmhSJq8ZaZN8I/j/vaxl3vQ8n0J+wbuW1QJXFnLlj961tyKTqLYBc8VshVUpbyth+ZeE/1eKwYjXKKl/CG/1t2FjXdKddl3bUKFms1JmVUemlyu7ZXoQYJ657CareiGprhQQNA2CkedgSDverKAj/vZmuSCZCi13hHHdFfNZW/71rhsEv16NMblsQ+rTMtbs= root@new\n"
            },
            "metadata_options": [
              {
                "aws_v1_http_endpoint": 1,
                "aws_v1_http_token": 2,
                "gce_http_endpoint": 1,
                "gce_http_token": 1
              }
            ],
            "name": "node01",
            "network_acceleration_type": "standard",
            "network_interface": [
              {
                "dns_record": [],
                "index": 0,
                "ip_address": "192.168.101.11",
                "ipv4": true,
                "ipv6": false,
                "ipv6_address": "",
                "ipv6_dns_record": [],
                "mac_address": "d0:0d:1d:23:e1:13",
                "nat": true,
                "nat_dns_record": [],
                "nat_ip_address": "51.250.87.115",
                "nat_ip_version": "IPV4",
                "security_group_ids": [],
                "subnet_id": "e9boic8813522pjnmkfc"
              }
            ],
            "placement_policy": [
              {
                "host_affinity_rules": [],
                "placement_group_id": ""
              }
            ],
            "platform_id": "standard-v1",
            "resources": [
              {
                "core_fraction": 100,
                "cores": 4,
                "gpus": 0,
                "memory": 8
              }
            ],
            "scheduling_policy": [
              {
                "preemptible": false
              }
            ],
            "secondary_disk": [],
            "service_account_id": "",
            "status": "running",
            "timeouts": null,
            "zone": "ru-central1-a"
          },
          "sensitive_attributes": [],
          "private": "eyJlMmJmYjczMC1lY2FhLTExZTYtOGY4OC0zNDM2M2JjN2M0YzAiOnsiY3JlYXRlIjozMDAwMDAwMDAwMDAsImRlbGV0ZSI6MzAwMDAwMDAwMDAwLCJ1cGRhdGUiOjMwMDAwMDAwMDAwMH0sInNjaGVtYV92ZXJzaW9uIjoiMSJ9",
          "dependencies": [
            "yandex_vpc_subnet.default"
          ]
        }
      ]
    },
    {
      "mode": "managed",
      "type": "yandex_compute_instance",
      "name": "node02",
      "provider": "provider[\"registry.terraform.io/yandex-cloud/yandex\"]",
      "instances": [
        {
          "schema_version": 1,
          "attributes": {
            "allow_recreate": null,
            "allow_stopping_for_update": true,
            "boot_disk": [
              {
                "auto_delete": true,
                "device_name": "fhmi2vscoe4d5v69amfs",
                "disk_id": "fhmi2vscoe4d5v69amfs",
                "initialize_params": [
                  {
                    "block_size": 4096,
                    "description": "",
                    "image_id": "fd8vhq4r8dro4pcqmpir",
                    "name": "root-node02",
                    "size": 10,
                    "snapshot_id": "",
                    "type": "network-ssd"
                  }
                ],
                "mode": "READ_WRITE"
              }
            ],
            "created_at": "2023-04-13T19:47:19Z",
            "description": "",
            "filesystem": [],
            "folder_id": "b1grdvp13hcnks1eruea",
            "fqdn": "node02.netology.yc",
            "gpu_cluster_id": "",
            "hostname": "node02.netology.yc",
            "id": "fhm1f4v3psuokqdd4jnd",
            "labels": null,
            "local_disk": [],
            "metadata": {
              "ssh-keys": "root:ssh-rsa AAAAB3NzaC1yc2EAAAADAQABAAABgQDP0SP4ZKQRnIprlmAopOXCRk49H8fYT4KKuHlADSkreev+TPnt+3UrvlfQfrZbCQFB4FpgfNYfgDIRsdqKiPmgrYq6FVkHFabZ17dseXQP/lcSmsqueJbSiAmPQEBN5m+7z6WZRaDVwAG1wYiy+r31EzO1cyd/ttrykAaKXyEseBesmOgQyUwKUOJ6wUK9kezvbIJnqRfDZmjG+HYMWB4jI477cY/LILB72tHvfQjT9TMzVcbgJuSckPe+BPuM6dxdzcQDqSzBebMTsvv7wYouOgNlMioRYi9kbawmZzZAhevXCZFSo2xXtUVWiYONG1gWmhSJq8ZaZN8I/j/vaxl3vQ8n0J+wbuW1QJXFnLlj961tyKTqLYBc8VshVUpbyth+ZeE/1eKwYjXKKl/CG/1t2FjXdKddl3bUKFms1JmVUemlyu7ZXoQYJ657CareiGprhQQNA2CkedgSDverKAj/vZmuSCZCi13hHHdFfNZW/71rhsEv16NMblsQ+rTMtbs= root@new\n"
            },
            "metadata_options": [
              {
                "aws_v1_http_endpoint": 1,
                "aws_v1_http_token": 2,
                "gce_http_endpoint": 1,
                "gce_http_token": 1
              }
            ],
            "name": "node02",
            "network_acceleration_type": "standard",
            "network_interface": [
              {
                "dns_record": [],
                "index": 0,
                "ip_address": "192.168.101.12",
                "ipv4": true,
                "ipv6": false,
                "ipv6_address": "",
                "ipv6_dns_record": [],
                "mac_address": "d0:0d:17:93:e3:cf",
                "nat": true,
                "nat_dns_record": [],
                "nat_ip_address": "51.250.10.218",
                "nat_ip_version": "IPV4",
                "security_group_ids": [],
                "subnet_id": "e9boic8813522pjnmkfc"
              }
            ],
            "placement_policy": [
              {
                "host_affinity_rules": [],
                "placement_group_id": ""
              }
            ],
            "platform_id": "standard-v1",
            "resources": [
              {
                "core_fraction": 100,
                "cores": 4,
                "gpus": 0,
                "memory": 8
              }
            ],
            "scheduling_policy": [
              {
                "preemptible": false
              }
            ],
            "secondary_disk": [],
            "service_account_id": "",
            "status": "running",
            "timeouts": null,
            "zone": "ru-central1-a"
          },
          "sensitive_attributes": [],
          "private": "eyJlMmJmYjczMC1lY2FhLTExZTYtOGY4OC0zNDM2M2JjN2M0YzAiOnsiY3JlYXRlIjozMDAwMDAwMDAwMDAsImRlbGV0ZSI6MzAwMDAwMDAwMDAwLCJ1cGRhdGUiOjMwMDAwMDAwMDAwMH0sInNjaGVtYV92ZXJzaW9uIjoiMSJ9",
          "dependencies": [
            "yandex_vpc_subnet.default"
          ]
        }
      ]
    },
    {
      "mode": "managed",
      "type": "yandex_compute_instance",
      "name": "node03",
      "provider": "provider[\"registry.terraform.io/yandex-cloud/yandex\"]",
      "instances": [
        {
          "schema_version": 1,
          "attributes": {
            "allow_recreate": null,
            "allow_stopping_for_update": true,
            "boot_disk": [
              {
                "auto_delete": true,
                "device_name": "fhmbbq279doovvc8adkc",
                "disk_id": "fhmbbq279doovvc8adkc",
                "initialize_params": [
                  {
                    "block_size": 4096,
                    "description": "",
                    "image_id": "fd8vhq4r8dro4pcqmpir",
                    "name": "root-node03",
                    "size": 10,
                    "snapshot_id": "",
                    "type": "network-ssd"
                  }
                ],
                "mode": "READ_WRITE"
              }
            ],
            "created_at": "2023-04-13T19:47:15Z",
            "description": "",
            "filesystem": [],
            "folder_id": "b1grdvp13hcnks1eruea",
            "fqdn": "node03.netology.yc",
            "gpu_cluster_id": "",
            "hostname": "node03.netology.yc",
            "id": "fhm4ip7sqobhc5ohfhn3",
            "labels": null,
            "local_disk": [],
            "metadata": {
              "ssh-keys": "root:ssh-rsa AAAAB3NzaC1yc2EAAAADAQABAAABgQDP0SP4ZKQRnIprlmAopOXCRk49H8fYT4KKuHlADSkreev+TPnt+3UrvlfQfrZbCQFB4FpgfNYfgDIRsdqKiPmgrYq6FVkHFabZ17dseXQP/lcSmsqueJbSiAmPQEBN5m+7z6WZRaDVwAG1wYiy+r31EzO1cyd/ttrykAaKXyEseBesmOgQyUwKUOJ6wUK9kezvbIJnqRfDZmjG+HYMWB4jI477cY/LILB72tHvfQjT9TMzVcbgJuSckPe+BPuM6dxdzcQDqSzBebMTsvv7wYouOgNlMioRYi9kbawmZzZAhevXCZFSo2xXtUVWiYONG1gWmhSJq8ZaZN8I/j/vaxl3vQ8n0J+wbuW1QJXFnLlj961tyKTqLYBc8VshVUpbyth+ZeE/1eKwYjXKKl/CG/1t2FjXdKddl3bUKFms1JmVUemlyu7ZXoQYJ657CareiGprhQQNA2CkedgSDverKAj/vZmuSCZCi13hHHdFfNZW/71rhsEv16NMblsQ+rTMtbs= root@new\n"
            },
            "metadata_options": [
              {
                "aws_v1_http_endpoint": 1,
                "aws_v1_http_token": 2,
                "gce_http_endpoint": 1,
                "gce_http_token": 1
              }
            ],
            "name": "node03",
            "network_acceleration_type": "standard",
            "network_interface": [
              {
                "dns_record": [],
                "index": 0,
                "ip_address": "192.168.101.13",
                "ipv4": true,
                "ipv6": false,
                "ipv6_address": "",
                "ipv6_dns_record": [],
                "mac_address": "d0:0d:49:64:fc:d6",
                "nat": true,
                "nat_dns_record": [],
                "nat_ip_address": "51.250.6.175",
                "nat_ip_version": "IPV4",
                "security_group_ids": [],
                "subnet_id": "e9boic8813522pjnmkfc"
              }
            ],
            "placement_policy": [
              {
                "host_affinity_rules": [],
                "placement_group_id": ""
              }
            ],
            "platform_id": "standard-v1",
            "resources": [
              {
                "core_fraction": 100,
                "cores": 4,
                "gpus": 0,
                "memory": 8
              }
            ],
            "scheduling_policy": [
              {
                "preemptible": false
              }
            ],
            "secondary_disk": [],
            "service_account_id": "",
            "status": "running",
            "timeouts": null,
            "zone": "ru-central1-a"
          },
          "sensitive_attributes": [],
          "private": "eyJlMmJmYjczMC1lY2FhLTExZTYtOGY4OC0zNDM2M2JjN2M0YzAiOnsiY3JlYXRlIjozMDAwMDAwMDAwMDAsImRlbGV0ZSI6MzAwMDAwMDAwMDAwLCJ1cGRhdGUiOjMwMDAwMDAwMDAwMH0sInNjaGVtYV92ZXJzaW9uIjoiMSJ9",
          "dependencies": [
            "yandex_vpc_subnet.default"
          ]
        }
      ]
    },
    {
      "mode": "managed",
      "type": "yandex_compute_instance",
      "name": "node04",
      "provider": "provider[\"registry.terraform.io/yandex-cloud/yandex\"]",
      "instances": [
        {
          "schema_version": 1,
          "attributes": {
            "allow_recreate": null,
            "allow_stopping_for_update": true,
            "boot_disk": [
              {
                "auto_delete": true,
                "device_name": "fhmloe3e8jshkeakiij0",
                "disk_id": "fhmloe3e8jshkeakiij0",
                "initialize_params": [
                  {
                    "block_size": 4096,
                    "description": "",
                    "image_id": "fd8vhq4r8dro4pcqmpir",
                    "name": "root-node04",
                    "size": 40,
                    "snapshot_id": "",
                    "type": "network-ssd"
                  }
                ],
                "mode": "READ_WRITE"
              }
            ],
            "created_at": "2023-04-13T19:47:17Z",
            "description": "",
            "filesystem": [],
            "folder_id": "b1grdvp13hcnks1eruea",
            "fqdn": "node04.netology.yc",
            "gpu_cluster_id": "",
            "hostname": "node04.netology.yc",
            "id": "fhmiut0m93q5bafdo21o",
            "labels": null,
            "local_disk": [],
            "metadata": {
              "ssh-keys": "root:ssh-rsa AAAAB3NzaC1yc2EAAAADAQABAAABgQDP0SP4ZKQRnIprlmAopOXCRk49H8fYT4KKuHlADSkreev+TPnt+3UrvlfQfrZbCQFB4FpgfNYfgDIRsdqKiPmgrYq6FVkHFabZ17dseXQP/lcSmsqueJbSiAmPQEBN5m+7z6WZRaDVwAG1wYiy+r31EzO1cyd/ttrykAaKXyEseBesmOgQyUwKUOJ6wUK9kezvbIJnqRfDZmjG+HYMWB4jI477cY/LILB72tHvfQjT9TMzVcbgJuSckPe+BPuM6dxdzcQDqSzBebMTsvv7wYouOgNlMioRYi9kbawmZzZAhevXCZFSo2xXtUVWiYONG1gWmhSJq8ZaZN8I/j/vaxl3vQ8n0J+wbuW1QJXFnLlj961tyKTqLYBc8VshVUpbyth+ZeE/1eKwYjXKKl/CG/1t2FjXdKddl3bUKFms1JmVUemlyu7ZXoQYJ657CareiGprhQQNA2CkedgSDverKAj/vZmuSCZCi13hHHdFfNZW/71rhsEv16NMblsQ+rTMtbs= root@new\n"
            },
            "metadata_options": [
              {
                "aws_v1_http_endpoint": 1,
                "aws_v1_http_token": 2,
                "gce_http_endpoint": 1,
                "gce_http_token": 1
              }
            ],
            "name": "node04",
            "network_acceleration_type": "standard",
            "network_interface": [
              {
                "dns_record": [],
                "index": 0,
                "ip_address": "192.168.101.14",
                "ipv4": true,
                "ipv6": false,
                "ipv6_address": "",
                "ipv6_dns_record": [],
                "mac_address": "d0:0d:12:f7:41:64",
                "nat": true,
                "nat_dns_record": [],
                "nat_ip_address": "51.250.67.26",
                "nat_ip_version": "IPV4",
                "security_group_ids": [],
                "subnet_id": "e9boic8813522pjnmkfc"
              }
            ],
            "placement_policy": [
              {
                "host_affinity_rules": [],
                "placement_group_id": ""
              }
            ],
            "platform_id": "standard-v1",
            "resources": [
              {
                "core_fraction": 100,
                "cores": 4,
                "gpus": 0,
                "memory": 8
              }
            ],
            "scheduling_policy": [
              {
                "preemptible": false
              }
            ],
            "secondary_disk": [],
            "service_account_id": "",
            "status": "running",
            "timeouts": null,
            "zone": "ru-central1-a"
          },
          "sensitive_attributes": [],
          "private": "eyJlMmJmYjczMC1lY2FhLTExZTYtOGY4OC0zNDM2M2JjN2M0YzAiOnsiY3JlYXRlIjozMDAwMDAwMDAwMDAsImRlbGV0ZSI6MzAwMDAwMDAwMDAwLCJ1cGRhdGUiOjMwMDAwMDAwMDAwMH0sInNjaGVtYV92ZXJzaW9uIjoiMSJ9",
          "dependencies": [
            "yandex_vpc_subnet.default"
          ]
        }
      ]
    },
    {
      "mode": "managed",
      "type": "yandex_compute_instance",
      "name": "node05",
      "provider": "provider[\"registry.terraform.io/yandex-cloud/yandex\"]",
      "instances": [
        {
          "schema_version": 1,
          "attributes": {
            "allow_recreate": null,
            "allow_stopping_for_update": true,
            "boot_disk": [
              {
                "auto_delete": true,
                "device_name": "fhmesngn4dcok764ku1h",
                "disk_id": "fhmesngn4dcok764ku1h",
                "initialize_params": [
                  {
                    "block_size": 4096,
                    "description": "",
                    "image_id": "fd8vhq4r8dro4pcqmpir",
                    "name": "root-node05",
                    "size": 40,
                    "snapshot_id": "",
                    "type": "network-ssd"
                  }
                ],
                "mode": "READ_WRITE"
              }
            ],
            "created_at": "2023-04-13T19:47:16Z",
            "description": "",
            "filesystem": [],
            "folder_id": "b1grdvp13hcnks1eruea",
            "fqdn": "node05.netology.yc",
            "gpu_cluster_id": "",
            "hostname": "node05.netology.yc",
            "id": "fhml3fj3f1c4skhilj6f",
            "labels": null,
            "local_disk": [],
            "metadata": {
              "ssh-keys": "root:ssh-rsa AAAAB3NzaC1yc2EAAAADAQABAAABgQDP0SP4ZKQRnIprlmAopOXCRk49H8fYT4KKuHlADSkreev+TPnt+3UrvlfQfrZbCQFB4FpgfNYfgDIRsdqKiPmgrYq6FVkHFabZ17dseXQP/lcSmsqueJbSiAmPQEBN5m+7z6WZRaDVwAG1wYiy+r31EzO1cyd/ttrykAaKXyEseBesmOgQyUwKUOJ6wUK9kezvbIJnqRfDZmjG+HYMWB4jI477cY/LILB72tHvfQjT9TMzVcbgJuSckPe+BPuM6dxdzcQDqSzBebMTsvv7wYouOgNlMioRYi9kbawmZzZAhevXCZFSo2xXtUVWiYONG1gWmhSJq8ZaZN8I/j/vaxl3vQ8n0J+wbuW1QJXFnLlj961tyKTqLYBc8VshVUpbyth+ZeE/1eKwYjXKKl/CG/1t2FjXdKddl3bUKFms1JmVUemlyu7ZXoQYJ657CareiGprhQQNA2CkedgSDverKAj/vZmuSCZCi13hHHdFfNZW/71rhsEv16NMblsQ+rTMtbs= root@new\n"
            },
            "metadata_options": [
              {
                "aws_v1_http_endpoint": 1,
                "aws_v1_http_token": 2,
                "gce_http_endpoint": 1,
                "gce_http_token": 1
              }
            ],
            "name": "node05",
            "network_acceleration_type": "standard",
            "network_interface": [
              {
                "dns_record": [],
                "index": 0,
                "ip_address": "192.168.101.15",
                "ipv4": true,
                "ipv6": false,
                "ipv6_address": "",
                "ipv6_dns_record": [],
                "mac_address": "d0:0d:15:1b:e6:37",
                "nat": true,
                "nat_dns_record": [],
                "nat_ip_address": "51.250.64.23",
                "nat_ip_version": "IPV4",
                "security_group_ids": [],
                "subnet_id": "e9boic8813522pjnmkfc"
              }
            ],
            "placement_policy": [
              {
                "host_affinity_rules": [],
                "placement_group_id": ""
              }
            ],
            "platform_id": "standard-v1",
            "resources": [
              {
                "core_fraction": 100,
                "cores": 4,
                "gpus": 0,
                "memory": 8
              }
            ],
            "scheduling_policy": [
              {
                "preemptible": false
              }
            ],
            "secondary_disk": [],
            "service_account_id": "",
            "status": "running",
            "timeouts": null,
            "zone": "ru-central1-a"
          },
          "sensitive_attributes": [],
          "private": "eyJlMmJmYjczMC1lY2FhLTExZTYtOGY4OC0zNDM2M2JjN2M0YzAiOnsiY3JlYXRlIjozMDAwMDAwMDAwMDAsImRlbGV0ZSI6MzAwMDAwMDAwMDAwLCJ1cGRhdGUiOjMwMDAwMDAwMDAwMH0sInNjaGVtYV92ZXJzaW9uIjoiMSJ9",
          "dependencies": [
            "yandex_vpc_subnet.default"
          ]
        }
      ]
    },
    {
      "mode": "managed",
      "type": "yandex_compute_instance",
      "name": "node06",
      "provider": "provider[\"registry.terraform.io/yandex-cloud/yandex\"]",
      "instances": [
        {
          "schema_version": 1,
          "attributes": {
            "allow_recreate": null,
            "allow_stopping_for_update": true,
            "boot_disk": [
              {
                "auto_delete": true,
                "device_name": "fhm7kk3iuna9ap5t5iqi",
                "disk_id": "fhm7kk3iuna9ap5t5iqi",
                "initialize_params": [
                  {
                    "block_size": 4096,
                    "description": "",
                    "image_id": "fd8vhq4r8dro4pcqmpir",
                    "name": "root-node06",
                    "size": 40,
                    "snapshot_id": "",
                    "type": "network-ssd"
                  }
                ],
                "mode": "READ_WRITE"
              }
            ],
            "created_at": "2023-04-13T19:47:17Z",
            "description": "",
            "filesystem": [],
            "folder_id": "b1grdvp13hcnks1eruea",
            "fqdn": "node06.netology.yc",
            "gpu_cluster_id": "",
            "hostname": "node06.netology.yc",
            "id": "fhm00u9kugiet706168k",
            "labels": null,
            "local_disk": [],
            "metadata": {
              "ssh-keys": "root:ssh-rsa AAAAB3NzaC1yc2EAAAADAQABAAABgQDP0SP4ZKQRnIprlmAopOXCRk49H8fYT4KKuHlADSkreev+TPnt+3UrvlfQfrZbCQFB4FpgfNYfgDIRsdqKiPmgrYq6FVkHFabZ17dseXQP/lcSmsqueJbSiAmPQEBN5m+7z6WZRaDVwAG1wYiy+r31EzO1cyd/ttrykAaKXyEseBesmOgQyUwKUOJ6wUK9kezvbIJnqRfDZmjG+HYMWB4jI477cY/LILB72tHvfQjT9TMzVcbgJuSckPe+BPuM6dxdzcQDqSzBebMTsvv7wYouOgNlMioRYi9kbawmZzZAhevXCZFSo2xXtUVWiYONG1gWmhSJq8ZaZN8I/j/vaxl3vQ8n0J+wbuW1QJXFnLlj961tyKTqLYBc8VshVUpbyth+ZeE/1eKwYjXKKl/CG/1t2FjXdKddl3bUKFms1JmVUemlyu7ZXoQYJ657CareiGprhQQNA2CkedgSDverKAj/vZmuSCZCi13hHHdFfNZW/71rhsEv16NMblsQ+rTMtbs= root@new\n"
            },
            "metadata_options": [
              {
                "aws_v1_http_endpoint": 1,
                "aws_v1_http_token": 2,
                "gce_http_endpoint": 1,
                "gce_http_token": 1
              }
            ],
            "name": "node06",
            "network_acceleration_type": "standard",
            "network_interface": [
              {
                "dns_record": [],
                "index": 0,
                "ip_address": "192.168.101.16",
                "ipv4": true,
                "ipv6": false,
                "ipv6_address": "",
                "ipv6_dns_record": [],
                "mac_address": "d0:0d:79:34:f4:24",
                "nat": true,
                "nat_dns_record": [],
                "nat_ip_address": "51.250.85.233",
                "nat_ip_version": "IPV4",
                "security_group_ids": [],
                "subnet_id": "e9boic8813522pjnmkfc"
              }
            ],
            "placement_policy": [
              {
                "host_affinity_rules": [],
                "placement_group_id": ""
              }
            ],
            "platform_id": "standard-v1",
            "resources": [
              {
                "core_fraction": 100,
                "cores": 4,
                "gpus": 0,
                "memory": 8
              }
            ],
            "scheduling_policy": [
              {
                "preemptible": false
              }
            ],
            "secondary_disk": [],
            "service_account_id": "",
            "status": "running",
            "timeouts": null,
            "zone": "ru-central1-a"
          },
          "sensitive_attributes": [],
          "private": "eyJlMmJmYjczMC1lY2FhLTExZTYtOGY4OC0zNDM2M2JjN2M0YzAiOnsiY3JlYXRlIjozMDAwMDAwMDAwMDAsImRlbGV0ZSI6MzAwMDAwMDAwMDAwLCJ1cGRhdGUiOjMwMDAwMDAwMDAwMH0sInNjaGVtYV92ZXJzaW9uIjoiMSJ9",
          "dependencies": [
            "yandex_vpc_subnet.default"
          ]
        }
      ]
    },
    {
      "mode": "managed",
      "type": "yandex_vpc_network",
      "name": "default",
      "provider": "provider[\"registry.terraform.io/yandex-cloud/yandex\"]",
      "instances": [
        {
          "schema_version": 0,
          "attributes": {
            "created_at": "2023-04-13T19:33:09Z",
            "default_security_group_id": "",
            "description": "",
            "folder_id": "b1grdvp13hcnks1eruea",
            "id": "enpkaoued4fis9ap4nqj",
            "labels": {},
            "name": "net",
            "subnet_ids": [
              "e9boic8813522pjnmkfc"
            ],
            "timeouts": null
          },
          "sensitive_attributes": [],
          "private": "eyJlMmJmYjczMC1lY2FhLTExZTYtOGY4OC0zNDM2M2JjN2M0YzAiOnsiY3JlYXRlIjo2MDAwMDAwMDAwMCwiZGVsZXRlIjo2MDAwMDAwMDAwMCwidXBkYXRlIjo2MDAwMDAwMDAwMH19"
        }
      ]
    },
    {
      "mode": "managed",
      "type": "yandex_vpc_subnet",
      "name": "default",
      "provider": "provider[\"registry.terraform.io/yandex-cloud/yandex\"]",
      "instances": [
        {
          "schema_version": 0,
          "attributes": {
            "created_at": "2023-04-13T19:33:10Z",
            "description": "",
            "dhcp_options": [],
            "folder_id": "b1grdvp13hcnks1eruea",
            "id": "e9boic8813522pjnmkfc",
            "labels": {},
            "name": "subnet",
            "network_id": "enpkaoued4fis9ap4nqj",
            "route_table_id": "",
            "timeouts": null,
            "v4_cidr_blocks": [
              "192.168.101.0/24"
            ],
            "v6_cidr_blocks": [],
            "zone": "ru-central1-a"
          },
          "sensitive_attributes": [],
          "private": "eyJlMmJmYjczMC1lY2FhLTExZTYtOGY4OC0zNDM2M2JjN2M0YzAiOnsiY3JlYXRlIjoxODAwMDAwMDAwMDAsImRlbGV0ZSI6MTgwMDAwMDAwMDAwLCJ1cGRhdGUiOjE4MDAwMDAwMDAwMH19",
          "dependencies": [
            "yandex_vpc_network.default"
          ]
        }
      ]
    }
  ],
  "check_results": null
}
